version = 1
revision = 3
requires-python = ">=3.10, <3.13"

[[package]]
name = "attrs"
version = "22.2.0"
source = { registry = "https://pypi.org/simple" }
sdist = { url = "https://files.pythonhosted.org/packages/21/31/3f468da74c7de4fcf9b25591e682856389b3400b4b62f201e65f15ea3e07/attrs-22.2.0.tar.gz", hash = "sha256:c9227bfc2f01993c03f68db37d1d15c9690188323c067c641f1a35ca58185f99", size = 215900, upload-time = "2022-12-21T09:48:51.773Z" }
wheels = [
    { url = "https://files.pythonhosted.org/packages/fb/6e/6f83bf616d2becdf333a1640f1d463fef3150e2e926b7010cb0f81c95e88/attrs-22.2.0-py3-none-any.whl", hash = "sha256:29e95c7f6778868dbd49170f98f8818f78f3dc5e0e37c0b1f474e3561b240836", size = 60018, upload-time = "2022-12-21T09:48:49.401Z" },
]

[[package]]
name = "authlib"
version = "1.8.0"
source = { registry = "https://pypi.org/simple" }
dependencies = [
    { name = "cryptography" },
    { name = "joserfc" },
]
sdist = { url = "https://files.pythonhosted.org/packages/f1/51/bc1729d3cfdc214b4935f4e886e4dd443c3065fd8e1e66423fe84b490f81/authlib-1.8.0.tar.gz", hash = "sha256:f3ecd5f1da737262fb53bf1a4d95c4ea1ad9dd509316587a255c99ab1838a4f0", size = 177759, upload-time = "2026-08-30T12:12:34.833Z" }
wheels = [
    { url = "https://files.pythonhosted.org/packages/b8/c6/6f124bcfbbfb20fba22c939b4e43a06dccfc0e1ca20e5634ca573cb1e271/authlib-1.8.0-py2.py3-none-any.whl", hash = "sha256:88aebbd9af6757e14e912d5dc007ae1dc1f3e27e3b2152ce7c552ee2c3b3c121", size = 260804, upload-time = "2026-08-30T12:12:33.162Z" },
]

[[package]]
name = "base58"
version = "2.1.1"
source = { registry = "https://pypi.org/simple" }
sdist = { url = "https://files.pythonhosted.org/packages/7f/45/8ae61209bb9015f516102fa559a2914178da1d5868428bd86a1b4421141d/base58-2.1.1.tar.gz", hash = "sha256:c5d0cb3f5b6e81e8e35da5754388ddcc6d0d14b6c6a132cb93d69ed580a7278c", size = 6528, upload-time = "2021-10-30T22:12:17.858Z" }
wheels = [
    { url = "https://files.pythonhosted.org/packages/4a/45/ec96b29162a402fc4c1c5512d114d7b3787b9d1c2ec241d9568b4816ee23/base58-2.1.1-py3-none-any.whl", hash = "sha256:11a36f4d3ce51dfc1043f3218591ac4eb1ceb172919cebe05b52a5bcc8d245c2", size = 5621, upload-time = "2021-10-30T22:12:16.658Z" },
]

[[package]]
name = "cffi"
version = "2.1.1"
source = { registry = "https://pypi.org/simple" }
dependencies = [
    { name = "pycparser", marker = "implementation_name != 'PyPy'" },
]
sdist = { url = "https://files.pythonhosted.org/packages/9e/ef/008a1939e372c06329a3fce4279c02f328488f3526744906eeec3da7ad5f/cffi-2.1.1.tar.gz", hash = "sha256:dd31f52ea1086513bb9df30f8fcee9b8918323ae067a3d5b78bc826a000712be", size = 530807, upload-time = "2026-08-03T21:21:18.939Z" }
wheels = [
    { url = "https://files.pythonhosted.org/packages/b6/d2/2cde336b375f55c76ca670f0be3978cc048e31e24f3b4d7ce8473150a388/cffi-2.1.1-cp310-cp310-macosx_10_15_x86_64.whl", hash = "sha256:baed1e86cc735622097354b9d1281406caf42ff42a886d29faa8e8d1630333be", size = 183779, upload-time = "2026-08-03T21:19:15.602Z" },
    { url = "https://files.pythonhosted.org/packages/94/1a/4b2f7c92293ba05cbd4a9a1b28faaf0326272d9488e6354657571c48a7aa/cffi-2.1.1-cp310-cp310-macosx_11_0_arm64.whl", hash = "sha256:ca82be1a1d406ecfe1d25dc16cb33488e5a16bf4438c9fb590484ea29d92478b", size = 184178, upload-time = "2026-08-03T21:19:16.67Z" },
    { url = "https://files.pythonhosted.org/packages/17/0b/ba385d8ccedf926c3cd06e8e2f327027da5afe5f0eb30f1f7bc43ac55125/cffi-2.1.1-cp310-cp310-manylinux1_i686.manylinux2014_i686.manylinux_2_17_i686.manylinux_2_5_i686.whl", hash = "sha256:42e2f76b9455f5a9a844f770bf3e200ed3da0e15f5df3db9c31fe80b04b3d004", size = 211037, upload-time = "2026-08-03T21:19:17.705Z" },
    { url = "https://files.pythonhosted.org/packages/a3/b9/0f2e58b2cefa33255bff36935d42b13180fe559bba82596540eb404bde7d/cffi-2.1.1-cp310-cp310-manylinux2014_aarch64.manylinux_2_17_aarch64.whl", hash = "sha256:5a59cc1c4442bc3d5c703bf720b51138d0bfc173618807c9ee2490a7541dd3d9", size = 218652, upload-time = "2026-08-03T21:19:18.735Z" },
    { url = "https://files.pythonhosted.org/packages/37/15/180e0dab27b9312c7479003d14c9e547634b7dcb934e2cc4650e1b131a7a/cffi-2.1.1-cp310-cp310-manylinux2014_ppc64le.manylinux_2_17_ppc64le.whl", hash = "sha256:9f8d177621de5cb38ee3e731eda45d421db093ec0739f46a5594babda7987a98", size = 205422, upload-time = "2026-08-03T21:19:19.96Z" },
    { url = "https://files.pythonhosted.org/packages/18/d4/03026f0c850cbbaa9030750490225b4a7f4d524ea4df72c3cc740a90f4ef/cffi-2.1.1-cp310-cp310-manylinux2014_s390x.manylinux_2_17_s390x.whl", hash = "sha256:75f80557d1389eddbd0de2681f6a390a0c5338c31ddaa821381c203fc3fd50d9", size = 205444, upload-time = "2026-08-03T21:19:21.246Z" },
    { url = "https://files.pythonhosted.org/packages/75/77/60bebf6f818bec84210ac5b6979ce4eeadce6fbbaabc9c7ab23e506d1ce5/cffi-2.1.1-cp310-cp310-manylinux2014_x86_64.manylinux_2_17_x86_64.whl", hash = "sha256:194cffa889098ced9976c3fc6340305e43f6303657d298da55366907c05c22d6", size = 218742, upload-time = "2026-08-03T21:19:22.523Z" },
    { url = "https://files.pythonhosted.org/packages/b0/ae/679bf47e73fd77b352171727f07de559a003f14de5d02b904a6ec1fa73ca/cffi-2.1.1-cp310-cp310-musllinux_1_2_aarch64.whl", hash = "sha256:5bb4e7ea95dcd6a014a6fef62e62467d67d8e582326443f3d68e71d6320a9fcf", size = 221054, upload-time = "2026-08-03T21:19:23.694Z" },
    { url = "https://files.pythonhosted.org/packages/09/b8/eefc0e06913b70aa153bf74c946094a18f58fd4aff11b7f372bfdfdca050/cffi-2.1.1-cp310-cp310-musllinux_1_2_i686.whl", hash = "sha256:3d22a20b1fb1632cc72c22f95f7b0d2961c3e1c235f245ba4c606c4771035659", size = 213489, upload-time = "2026-08-03T21:19:24.922Z" },
    { url = "https://files.pythonhosted.org/packages/6f/13/4e56852824a03cdf68523a35686f1c28eacd4bd30a7b0a78e682e6e6e1d3/cffi-2.1.1-cp310-cp310-musllinux_1_2_x86_64.whl", hash = "sha256:1dea0e4d7d4f11f619fe8c1d76caf49e24405b4b5743c0e3be16a500ecd930c9", size = 220241, upload-time = "2026-08-03T21:19:26.214Z" },
    { url = "https://files.pythonhosted.org/packages/99/7f/040f9e163e4acac3ee3d85b02d00b2576e7ca980d8785f0a3a5f1a9bf7f5/cffi-2.1.1-cp310-cp310-win32.whl", hash = "sha256:7ce713ace7c0e4520535b42b77eaa742c16dab813978064913e5a3cf82973b41", size = 174578, upload-time = "2026-08-03T21:19:27.338Z" },
    { url = "https://files.pythonhosted.org/packages/ba/0b/644a2ec1a4eaba49c2939410bb1eb1d25b09d6d0582f5d2f95c537043725/cffi-2.1.1-cp310-cp310-win_amd64.whl", hash = "sha256:a48d62ab9d6f4f98c983223a547af44be6ca3691074c31cecced6facd3ba2dc1", size = 185082, upload-time = "2026-08-03T21:19:28.409Z" },
    { url = "https://files.pythonhosted.org/packages/70/d2/16d99a0c4948febc0ebd133a13b2f688ff7f8cb04da971e1128872ce0c03/cffi-2.1.1-cp311-cp311-macosx_10_15_x86_64.whl", hash = "sha256:c8d2c9fd1f2d16f780d15127abb050d13d1a76c03a4bd87d7e4980e45e511e12", size = 183838, upload-time = "2026-08-03T21:19:29.637Z" },
    { url = "https://files.pythonhosted.org/packages/cd/95/31b535a9f0220ae9f357de4a08d57ce89cb417653c2fd9f075f50822a388/cffi-2.1.1-cp311-cp311-macosx_11_0_arm64.whl", hash = "sha256:398aff33cee2767e3e781d2554c54bd0dff386bb437581e0d8011fde1a942ec1", size = 184168, upload-time = "2026-08-03T21:19:30.764Z" },
    { url = "https://files.pythonhosted.org/packages/ad/5a/4707a0dc1f203f5dde5a907b0d4e3c25d71120241048bd5bc6f1bb9d4e71/cffi-2.1.1-cp311-cp311-manylinux1_i686.manylinux2014_i686.manylinux_2_17_i686.manylinux_2_5_i686.whl", hash = "sha256:154852545011f779917b11c78db2358d095da62a9a172b78ad0a583ee5adc0d0", size = 211805, upload-time = "2026-08-03T21:19:31.867Z" },
    { url = "https://files.pythonhosted.org/packages/ad/66/c19feabb28485b6e0bbaaafa90837a1ef5d302e90f2178bd33f17a49879b/cffi-2.1.1-cp311-cp311-manylinux2014_aarch64.manylinux_2_17_aarch64.whl", hash = "sha256:3311ed60d36f83378794e1009ac6258bafbf81f7888b4caa7b35a521e3f95813", size = 218716, upload-time = "2026-08-03T21:19:32.896Z" },
    { url = "https://files.pythonhosted.org/packages/a7/92/500760486c8baab49a7a8a58ba7fc3355ec3974b454b8a09e528efde9e1d/cffi-2.1.1-cp311-cp311-manylinux2014_ppc64le.manylinux_2_17_ppc64le.whl", hash = "sha256:6e192623c49c94421616a5778fba35cf0d5a8d000650c1967ef4448ee5cdd990", size = 205569, upload-time = "2026-08-03T21:19:34.142Z" },
    { url = "https://files.pythonhosted.org/packages/a5/a7/a67c733254d6e7373f7822f8082d8d6beade791e0cf12a7611f376fa61c7/cffi-2.1.1-cp311-cp311-manylinux2014_s390x.manylinux_2_17_s390x.whl", hash = "sha256:a6e721d4b0e45d5b65e87534470e67b18dcd092c83f68fba09f152b9cbc061af", size = 204907, upload-time = "2026-08-03T21:19:35.174Z" },
    { url = "https://files.pythonhosted.org/packages/f7/a4/4399daaf8f7dfee9d7c3327fdb0426ee041cc63edc358b93911ceb2bfc7a/cffi-2.1.1-cp311-cp311-manylinux2014_x86_64.manylinux_2_17_x86_64.whl", hash = "sha256:34e261f78cb6ceaaa36f42f2613f4380d94d9c759a9c73c769ee6e0247364632", size = 217807, upload-time = "2026-08-03T21:19:36.286Z" },
    { url = "https://files.pythonhosted.org/packages/28/f7/dabe6da2466ecbd82dc62e7342dc6b1065dad990c06f00f0ede9ebf2a0ed/cffi-2.1.1-cp311-cp311-musllinux_1_2_aarch64.whl", hash = "sha256:7225e4514edb64eb6740324353e0da0711954fd8d7da4576755b1c6e09b697cd", size = 221252, upload-time = "2026-08-03T21:19:37.416Z" },
    { url = "https://files.pythonhosted.org/packages/ce/87/616202d8e51342c07d2534c510111c4cc37201775ce8f60802c9335d1edd/cffi-2.1.1-cp311-cp311-musllinux_1_2_i686.whl", hash = "sha256:df913725b79db7bcf03448f36b7bf8815363417d5b58deecf9305e3e30f0f21a", size = 214214, upload-time = "2026-08-03T21:19:38.507Z" },
    { url = "https://files.pythonhosted.org/packages/b4/c6/ab025d75d2c26c19b087c0124e75ee31cb65032f4fe345d356d8c507ab97/cffi-2.1.1-cp311-cp311-musllinux_1_2_x86_64.whl", hash = "sha256:f5cfbc5fe74540d335175b656c725d74d90e3730c626d92575eea35029d9afaa", size = 219408, upload-time = "2026-08-03T21:19:39.809Z" },
    { url = "https://files.pythonhosted.org/packages/db/e2/7e8109f65445bdc673a7b54f02c677de462db75674220fd1335efc8eb598/cffi-2.1.1-cp311-cp311-win32.whl", hash = "sha256:f8ec5e643a9a937f64e1999eb9f75d072263751912dc5cd06d3c85f8f44be7c3", size = 174470, upload-time = "2026-08-03T21:19:41.246Z" },
    { url = "https://files.pythonhosted.org/packages/73/c0/77ba02423c2f7d7091143c45cd49e0e6575c4c1967394bb542bd923a9b74/cffi-2.1.1-cp311-cp311-win_amd64.whl", hash = "sha256:42f6930c31dc7f50732c9ae793c2786c7b6b044195967bbdde40bb9be81c4cc0", size = 185096, upload-time = "2026-08-03T21:19:42.615Z" },
    { url = "https://files.pythonhosted.org/packages/7c/47/9f1f85f9672ceda4984dc6c4f8824e8558992a2972c3d3c81fb8eb28d4ba/cffi-2.1.1-cp311-cp311-win_arm64.whl", hash = "sha256:c7659f22557c5a0bc4855cd635f55edec690cc008a40768527762cb9fb263455", size = 179941, upload-time = "2026-08-03T21:19:43.747Z" },
    { url = "https://files.pythonhosted.org/packages/10/69/43965eccfdead3b9220015fd1320e117be8c6ed01a62ffab76eeb752f5d5/cffi-2.1.1-cp312-cp312-macosx_10_15_x86_64.whl", hash = "sha256:c8c69575568085ba0b1b10c0249d779a214aea6f6522e949a0fc9fb0fcb449d0", size = 184821, upload-time = "2026-08-03T21:19:44.887Z" },
    { url = "https://files.pythonhosted.org/packages/54/7d/16e5a096677b5e313ca80cd5e5170efa3ea44624a82bb111925522da64b1/cffi-2.1.1-cp312-cp312-macosx_11_0_arm64.whl", hash = "sha256:f81b3b8f3d4e343550fa4baa0e479bba9f2d29ce9c2e9b51d1ce1718d7442fcf", size = 184719, upload-time = "2026-08-03T21:19:46.129Z" },
    { url = "https://files.pythonhosted.org/packages/56/e6/8941622732edec876dd17d0453dce07317ae96db34f2ec1436c9d3785986/cffi-2.1.1-cp312-cp312-manylinux1_i686.manylinux2014_i686.manylinux_2_17_i686.manylinux_2_5_i686.whl", hash = "sha256:811bd1e21d32de12efca32393a0ab3f5133b54fce9bd44b8bd77ab07da14bf6a", size = 214799, upload-time = "2026-08-03T21:19:47.218Z" },
    { url = "https://files.pythonhosted.org/packages/44/de/f98430906df1545ffde0d543dd124a7a439bc2cd32b36b9c53f805df7333/cffi-2.1.1-cp312-cp312-manylinux2014_aarch64.manylinux_2_17_aarch64.whl", hash = "sha256:68e62fe11f30d5ca8289242866f0a5291402d8529ca2178ab8afc5c9694ae890", size = 222389, upload-time = "2026-08-03T21:19:48.331Z" },
    { url = "https://files.pythonhosted.org/packages/6a/5b/717f1526b9957b34456313c31645c5b82b8fb5c3fe9e4752999be7128bfc/cffi-2.1.1-cp312-cp312-manylinux2014_ppc64le.manylinux_2_17_ppc64le.whl", hash = "sha256:4a7c934f7360e8cd64fe9efadcbd10c7c6364f531e432b9a4bf5ccbc9e0e8b50", size = 210249, upload-time = "2026-08-03T21:19:49.543Z" },
    { url = "https://files.pythonhosted.org/packages/64/b3/f8aa4f3e34986c7e4ec45072d1b1b9dd295b6b18007b45518d79726dd725/cffi-2.1.1-cp312-cp312-manylinux2014_s390x.manylinux_2_17_s390x.whl", hash = "sha256:3143d81e29e1e20a9ce10901ec369012947876596f75a222235965f2b7ae832e", size = 208775, upload-time = "2026-08-03T21:19:50.918Z" },
    { url = "https://files.pythonhosted.org/packages/b1/db/dceb9dd5b231e1da801793f8acc9f3c52a7e1afe40bb1aae37e02b0faad5/cffi-2.1.1-cp312-cp312-manylinux2014_x86_64.manylinux_2_17_x86_64.whl", hash = "sha256:c1453022f490d2459a11819d83ad1d586e9ff65a12ac3e705ffebd46d3685dcf", size = 221822, upload-time = "2026-08-03T21:19:52.054Z" },
    { url = "https://files.pythonhosted.org/packages/a0/d2/6cd24ae3be000a634109c247d1475d62e5616d0dc78c82770942ec384248/cffi-2.1.1-cp312-cp312-musllinux_1_2_aarch64.whl", hash = "sha256:208f941bb9d18e768138677f0a6d2ce01f590df56043dda1df1535ac57c88517", size = 225232, upload-time = "2026-08-03T21:19:53.109Z" },
    { url = "https://files.pythonhosted.org/packages/cb/52/3fa190537004dd7f0ab860a6dc7c0175b8667f68d1e618a46f5498d30250/cffi-2.1.1-cp312-cp312-musllinux_1_2_x86_64.whl", hash = "sha256:210019b6c7cf07f081b4c54635c8cf744377001350e29cc0f81c4377b4797735", size = 223597, upload-time = "2026-08-03T21:19:54.515Z" },
    { url = "https://files.pythonhosted.org/packages/80/fb/0bb75b7039588c074b37ae99f40d9bfddf990ecb2fbc346ebccd2e56b9be/cffi-2.1.1-cp312-cp312-win32.whl", hash = "sha256:046bfc24911b37851ee1b51aab8bffe713d89c68c6a057b09484ce9fd5f69b4e", size = 175292, upload-time = "2026-08-03T21:19:55.566Z" },
    { url = "https://files.pythonhosted.org/packages/d9/79/615cc094e2fb508cade7de88d3b4f6c4ec2bab695c97bce9153dc65aadf5/cffi-2.1.1-cp312-cp312-win_amd64.whl", hash = "sha256:f53e442b08449d42821fa4a4fba000095af9f62742a500f978a9f557ec44339a", size = 185919, upload-time = "2026-08-03T21:19:56.89Z" },
    { url = "https://files.pythonhosted.org/packages/70/c6/d0ea84713fe46b243a436a18fcd47d639732747e21635c8a27191b06dc30/cffi-2.1.1-cp312-cp312-win_arm64.whl", hash = "sha256:7bde5e4cc5c10140859842b9d383af292b22639a4dffb725314baf45968cef80", size = 180093, upload-time = "2026-08-03T21:19:58.155Z" },
]

[[package]]
name = "cryptography"
version = "45.0.7"
source = { registry = "https://pypi.org/simple" }
dependencies = [
    { name = "cffi", marker = "platform_python_implementation != 'PyPy'" },
]
sdist = { url = "https://files.pythonhosted.org/packages/a7/35/c495bffc2056f2dadb32434f1feedd79abde2a7f8363e1974afa9c33c7e2/cryptography-45.0.7.tar.gz", hash = "sha256:4b1654dfc64ea479c242508eb8c724044f1e964a47d1d1cacc5132292d851971", size = 744980, upload-time = "2025-09-01T11:15:03.146Z" }
wheels = [
    { url = "https://files.pythonhosted.org/packages/0c/91/925c0ac74362172ae4516000fe877912e33b5983df735ff290c653de4913/cryptography-45.0.7-cp311-abi3-macosx_10_9_universal2.whl", hash = "sha256:3be4f21c6245930688bd9e162829480de027f8bf962ede33d4f8ba7d67a00cee", size = 7041105, upload-time = "2025-09-01T11:13:59.684Z" },
    { url = "https://files.pythonhosted.org/packages/fc/63/43641c5acce3a6105cf8bd5baeceeb1846bb63067d26dae3e5db59f1513a/cryptography-45.0.7-cp311-abi3-manylinux2014_aarch64.manylinux_2_17_aarch64.whl", hash = "sha256:67285f8a611b0ebc0857ced2081e30302909f571a46bfa7a3cc0ad303fe015c6", size = 4205799, upload-time = "2025-09-01T11:14:02.517Z" },
    { url = "https://files.pythonhosted.org/packages/bc/29/c238dd9107f10bfde09a4d1c52fd38828b1aa353ced11f358b5dd2507d24/cryptography-45.0.7-cp311-abi3-manylinux2014_x86_64.manylinux_2_17_x86_64.whl", hash = "sha256:577470e39e60a6cd7780793202e63536026d9b8641de011ed9d8174da9ca5339", size = 4430504, upload-time = "2025-09-01T11:14:04.522Z" },
    { url = "https://files.pythonhosted.org/packages/62/62/24203e7cbcc9bd7c94739428cd30680b18ae6b18377ae66075c8e4771b1b/cryptography-45.0.7-cp311-abi3-manylinux_2_28_aarch64.whl", hash = "sha256:4bd3e5c4b9682bc112d634f2c6ccc6736ed3635fc3319ac2bb11d768cc5a00d8", size = 4209542, upload-time = "2025-09-01T11:14:06.309Z" },
    { url = "https://files.pythonhosted.org/packages/cd/e3/e7de4771a08620eef2389b86cd87a2c50326827dea5528feb70595439ce4/cryptography-45.0.7-cp311-abi3-manylinux_2_28_armv7l.manylinux_2_31_armv7l.whl", hash = "sha256:465ccac9d70115cd4de7186e60cfe989de73f7bb23e8a7aa45af18f7412e75bf", size = 3889244, upload-time = "2025-09-01T11:14:08.152Z" },
    { url = "https://files.pythonhosted.org/packages/96/b8/bca71059e79a0bb2f8e4ec61d9c205fbe97876318566cde3b5092529faa9/cryptography-45.0.7-cp311-abi3-manylinux_2_28_x86_64.whl", hash = "sha256:16ede8a4f7929b4b7ff3642eba2bf79aa1d71f24ab6ee443935c0d269b6bc513", size = 4461975, upload-time = "2025-09-01T11:14:09.755Z" },
    { url = "https://files.pythonhosted.org/packages/58/67/3f5b26937fe1218c40e95ef4ff8d23c8dc05aa950d54200cc7ea5fb58d28/cryptography-45.0.7-cp311-abi3-manylinux_2_34_aarch64.whl", hash = "sha256:8978132287a9d3ad6b54fcd1e08548033cc09dc6aacacb6c004c73c3eb5d3ac3", size = 4209082, upload-time = "2025-09-01T11:14:11.229Z" },
    { url = "https://files.pythonhosted.org/packages/0e/e4/b3e68a4ac363406a56cf7b741eeb80d05284d8c60ee1a55cdc7587e2a553/cryptography-45.0.7-cp311-abi3-manylinux_2_34_x86_64.whl", hash = "sha256:b6a0e535baec27b528cb07a119f321ac024592388c5681a5ced167ae98e9fff3", size = 4460397, upload-time = "2025-09-01T11:14:12.924Z" },
    { url = "https://files.pythonhosted.org/packages/22/49/2c93f3cd4e3efc8cb22b02678c1fad691cff9dd71bb889e030d100acbfe0/cryptography-45.0.7-cp311-abi3-musllinux_1_2_aarch64.whl", hash = "sha256:a24ee598d10befaec178efdff6054bc4d7e883f615bfbcd08126a0f4931c83a6", size = 4337244, upload-time = "2025-09-01T11:14:14.431Z" },
    { url = "https://files.pythonhosted.org/packages/04/19/030f400de0bccccc09aa262706d90f2ec23d56bc4eb4f4e8268d0ddf3fb8/cryptography-45.0.7-cp311-abi3-musllinux_1_2_x86_64.whl", hash = "sha256:fa26fa54c0a9384c27fcdc905a2fb7d60ac6e47d14bc2692145f2b3b1e2cfdbd", size = 4568862, upload-time = "2025-09-01T11:14:16.185Z" },
    { url = "https://files.pythonhosted.org/packages/29/56/3034a3a353efa65116fa20eb3c990a8c9f0d3db4085429040a7eef9ada5f/cryptography-45.0.7-cp311-abi3-win32.whl", hash = "sha256:bef32a5e327bd8e5af915d3416ffefdbe65ed975b646b3805be81b23580b57b8", size = 2936578, upload-time = "2025-09-01T11:14:17.638Z" },
    { url = "https://files.pythonhosted.org/packages/b3/61/0ab90f421c6194705a99d0fa9f6ee2045d916e4455fdbb095a9c2c9a520f/cryptography-45.0.7-cp311-abi3-win_amd64.whl", hash = "sha256:3808e6b2e5f0b46d981c24d79648e5c25c35e59902ea4391a0dcb3e667bf7443", size = 3405400, upload-time = "2025-09-01T11:14:18.958Z" },
    { url = "https://files.pythonhosted.org/packages/63/e8/c436233ddf19c5f15b25ace33979a9dd2e7aa1a59209a0ee8554179f1cc0/cryptography-45.0.7-cp37-abi3-macosx_10_9_universal2.whl", hash = "sha256:bfb4c801f65dd61cedfc61a83732327fafbac55a47282e6f26f073ca7a41c3b2", size = 7021824, upload-time = "2025-09-01T11:14:20.954Z" },
    { url = "https://files.pythonhosted.org/packages/bc/4c/8f57f2500d0ccd2675c5d0cc462095adf3faa8c52294ba085c036befb901/cryptography-45.0.7-cp37-abi3-manylinux2014_aarch64.manylinux_2_17_aarch64.whl", hash = "sha256:81823935e2f8d476707e85a78a405953a03ef7b7b4f55f93f7c2d9680e5e0691", size = 4202233, upload-time = "2025-09-01T11:14:22.454Z" },
    { url = "https://files.pythonhosted.org/packages/eb/ac/59b7790b4ccaed739fc44775ce4645c9b8ce54cbec53edf16c74fd80cb2b/cryptography-45.0.7-cp37-abi3-manylinux2014_x86_64.manylinux_2_17_x86_64.whl", hash = "sha256:3994c809c17fc570c2af12c9b840d7cea85a9fd3e5c0e0491f4fa3c029216d59", size = 4423075, upload-time = "2025-09-01T11:14:24.287Z" },
    { url = "https://files.pythonhosted.org/packages/b8/56/d4f07ea21434bf891faa088a6ac15d6d98093a66e75e30ad08e88aa2b9ba/cryptography-45.0.7-cp37-abi3-manylinux_2_28_aarch64.whl", hash = "sha256:dad43797959a74103cb59c5dac71409f9c27d34c8a05921341fb64ea8ccb1dd4", size = 4204517, upload-time = "2025-09-01T11:14:25.679Z" },
    { url = "https://files.pythonhosted.org/packages/e8/ac/924a723299848b4c741c1059752c7cfe09473b6fd77d2920398fc26bfb53/cryptography-45.0.7-cp37-abi3-manylinux_2_28_armv7l.manylinux_2_31_armv7l.whl", hash = "sha256:ce7a453385e4c4693985b4a4a3533e041558851eae061a58a5405363b098fcd3", size = 3882893, upload-time = "2025-09-01T11:14:27.1Z" },
    { url = "https://files.pythonhosted.org/packages/83/dc/4dab2ff0a871cc2d81d3ae6d780991c0192b259c35e4d83fe1de18b20c70/cryptography-45.0.7-cp37-abi3-manylinux_2_28_x86_64.whl", hash = "sha256:b04f85ac3a90c227b6e5890acb0edbaf3140938dbecf07bff618bf3638578cf1", size = 4450132, upload-time = "2025-09-01T11:14:28.58Z" },
    { url = "https://files.pythonhosted.org/packages/12/dd/b2882b65db8fc944585d7fb00d67cf84a9cef4e77d9ba8f69082e911d0de/cryptography-45.0.7-cp37-abi3-manylinux_2_34_aarch64.whl", hash = "sha256:48c41a44ef8b8c2e80ca4527ee81daa4c527df3ecbc9423c41a420a9559d0e27", size = 4204086, upload-time = "2025-09-01T11:14:30.572Z" },
    { url = "https://files.pythonhosted.org/packages/5d/fa/1d5745d878048699b8eb87c984d4ccc5da4f5008dfd3ad7a94040caca23a/cryptography-45.0.7-cp37-abi3-manylinux_2_34_x86_64.whl", hash = "sha256:f3df7b3d0f91b88b2106031fd995802a2e9ae13e02c36c1fc075b43f420f3a17", size = 4449383, upload-time = "2025-09-01T11:14:32.046Z" },
    { url = "https://files.pythonhosted.org/packages/36/8b/fc61f87931bc030598e1876c45b936867bb72777eac693e905ab89832670/cryptography-45.0.7-cp37-abi3-musllinux_1_2_aarch64.whl", hash = "sha256:dd342f085542f6eb894ca00ef70236ea46070c8a13824c6bde0dfdcd36065b9b", size = 4332186, upload-time = "2025-09-01T11:14:33.95Z" },
    { url = "https://files.pythonhosted.org/packages/0b/11/09700ddad7443ccb11d674efdbe9a832b4455dc1f16566d9bd3834922ce5/cryptography-45.0.7-cp37-abi3-musllinux_1_2_x86_64.whl", hash = "sha256:1993a1bb7e4eccfb922b6cd414f072e08ff5816702a0bdb8941c247a6b1b287c", size = 4561639, upload-time = "2025-09-01T11:14:35.343Z" },
    { url = "https://files.pythonhosted.org/packages/71/ed/8f4c1337e9d3b94d8e50ae0b08ad0304a5709d483bfcadfcc77a23dbcb52/cryptography-45.0.7-cp37-abi3-win32.whl", hash = "sha256:18fcf70f243fe07252dcb1b268a687f2358025ce32f9f88028ca5c364b123ef5", size = 2926552, upload-time = "2025-09-01T11:14:36.929Z" },
    { url = "https://files.pythonhosted.org/packages/bc/ff/026513ecad58dacd45d1d24ebe52b852165a26e287177de1d545325c0c25/cryptography-45.0.7-cp37-abi3-win_amd64.whl", hash = "sha256:7285a89df4900ed3bfaad5679b1e668cb4b38a8de1ccbfc84b05f34512da0a90", size = 3392742, upload-time = "2025-09-01T11:14:38.368Z" },
    { url = "https://files.pythonhosted.org/packages/13/3e/e42f1528ca1ea82256b835191eab1be014e0f9f934b60d98b0be8a38ed70/cryptography-45.0.7-pp310-pypy310_pp73-macosx_10_9_x86_64.whl", hash = "sha256:de58755d723e86175756f463f2f0bddd45cc36fbd62601228a3f8761c9f58252", size = 3572442, upload-time = "2025-09-01T11:14:39.836Z" },
    { url = "https://files.pythonhosted.org/packages/59/aa/e947693ab08674a2663ed2534cd8d345cf17bf6a1facf99273e8ec8986dc/cryptography-45.0.7-pp310-pypy310_pp73-manylinux_2_28_aarch64.whl", hash = "sha256:a20e442e917889d1a6b3c570c9e3fa2fdc398c20868abcea268ea33c024c4083", size = 4142233, upload-time = "2025-09-01T11:14:41.305Z" },
    { url = "https://files.pythonhosted.org/packages/24/06/09b6f6a2fc43474a32b8fe259038eef1500ee3d3c141599b57ac6c57612c/cryptography-45.0.7-pp310-pypy310_pp73-manylinux_2_28_x86_64.whl", hash = "sha256:258e0dff86d1d891169b5af222d362468a9570e2532923088658aa866eb11130", size = 4376202, upload-time = "2025-09-01T11:14:43.047Z" },
    { url = "https://files.pythonhosted.org/packages/00/f2/c166af87e95ce6ae6d38471a7e039d3a0549c2d55d74e059680162052824/cryptography-45.0.7-pp310-pypy310_pp73-manylinux_2_34_aarch64.whl", hash = "sha256:d97cf502abe2ab9eff8bd5e4aca274da8d06dd3ef08b759a8d6143f4ad65d4b4", size = 4141900, upload-time = "2025-09-01T11:14:45.089Z" },
    { url = "https://files.pythonhosted.org/packages/16/b9/e96e0b6cb86eae27ea51fa8a3151535a18e66fe7c451fa90f7f89c85f541/cryptography-45.0.7-pp310-pypy310_pp73-manylinux_2_34_x86_64.whl", hash = "sha256:c987dad82e8c65ebc985f5dae5e74a3beda9d0a2a4daf8a1115f3772b59e5141", size = 4375562, upload-time = "2025-09-01T11:14:47.166Z" },
    { url = "https://files.pythonhosted.org/packages/36/d0/36e8ee39274e9d77baf7d0dafda680cba6e52f3936b846f0d56d64fec915/cryptography-45.0.7-pp310-pypy310_pp73-win_amd64.whl", hash = "sha256:c13b1e3afd29a5b3b2656257f14669ca8fa8d7956d509926f0b130b600b50ab7", size = 3322781, upload-time = "2025-09-01T11:14:48.747Z" },
    { url = "https://files.pythonhosted.org/packages/99/4e/49199a4c82946938a3e05d2e8ad9482484ba48bbc1e809e3d506c686d051/cryptography-45.0.7-pp311-pypy311_pp73-macosx_10_9_x86_64.whl", hash = "sha256:4a862753b36620af6fc54209264f92c716367f2f0ff4624952276a6bbd18cbde", size = 3584634, upload-time = "2025-09-01T11:14:50.593Z" },
    { url = "https://files.pythonhosted.org/packages/16/ce/5f6ff59ea9c7779dba51b84871c19962529bdcc12e1a6ea172664916c550/cryptography-45.0.7-pp311-pypy311_pp73-manylinux_2_28_aarch64.whl", hash = "sha256:06ce84dc14df0bf6ea84666f958e6080cdb6fe1231be2a51f3fc1267d9f3fb34", size = 4149533, upload-time = "2025-09-01T11:14:52.091Z" },
    { url = "https://files.pythonhosted.org/packages/ce/13/b3cfbd257ac96da4b88b46372e662009b7a16833bfc5da33bb97dd5631ae/cryptography-45.0.7-pp311-pypy311_pp73-manylinux_2_28_x86_64.whl", hash = "sha256:d0c5c6bac22b177bf8da7435d9d27a6834ee130309749d162b26c3105c0795a9", size = 4385557, upload-time = "2025-09-01T11:14:53.551Z" },
    { url = "https://files.pythonhosted.org/packages/1c/c5/8c59d6b7c7b439ba4fc8d0cab868027fd095f215031bc123c3a070962912/cryptography-45.0.7-pp311-pypy311_pp73-manylinux_2_34_aarch64.whl", hash = "sha256:2f641b64acc00811da98df63df7d59fd4706c0df449da71cb7ac39a0732b40ae", size = 4149023, upload-time = "2025-09-01T11:14:55.022Z" },
    { url = "https://files.pythonhosted.org/packages/55/32/05385c86d6ca9ab0b4d5bb442d2e3d85e727939a11f3e163fc776ce5eb40/cryptography-45.0.7-pp311-pypy311_pp73-manylinux_2_34_x86_64.whl", hash = "sha256:f5414a788ecc6ee6bc58560e85ca624258a55ca434884445440a810796ea0e0b", size = 4385722, upload-time = "2025-09-01T11:14:57.319Z" },
    { url = "https://files.pythonhosted.org/packages/23/87/7ce86f3fa14bc11a5a48c30d8103c26e09b6465f8d8e9d74cf7a0714f043/cryptography-45.0.7-pp311-pypy311_pp73-win_amd64.whl", hash = "sha256:1f3d56f73595376f4244646dd5c5870c14c196949807be39e79e7bd9bac3da63", size = 3332908, upload-time = "2025-09-01T11:14:58.78Z" },
]

[[package]]
name = "didcomm"
version = "0.3.2"
source = { registry = "https://pypi.org/simple" }
dependencies = [
    { name = "attrs" },
    { name = "authlib" },
    { name = "base58" },
    { name = "packaging" },
    { name = "pycryptodomex" },
    { name = "pydid" },
    { name = "varint" },
]
sdist = { url = "https://files.pythonhosted.org/packages/45/54/e96feab80135fe5ce2c2f46284b0d00128d6ab94db6243e9b76b0b0a01b1/didcomm-0.3.2.tar.gz", hash = "sha256:fde54701f5fce07d01e98f099d311f7e57fc3fa8103df93d2a4f8cd3a451a525", size = 36393, upload-time = "2023-05-01T08:06:29.547Z" }
wheels = [
    { url = "https://files.pythonhosted.org/packages/30/bc/db32cbb17ce10890eba63c652088bc20b4f3293eec3465af271a6f7f30f2/didcomm-0.3.2-py3-none-any.whl", hash = "sha256:e105709722623c00a54a043c8ce8cb5b8b92927d6a64f9a1c141787acc2b570f", size = 57267, upload-time = "2023-05-01T08:06:27.791Z" },
]

[[package]]
name = "didcomm-ts-interop-python"
version = "0.0.0"
source = { virtual = "." }
dependencies = [
    { name = "didcomm" },
]

[package.metadata]
requires-dist = [{ name = "didcomm", specifier = "==0.3.2" }]

[[package]]
name = "inflection"
version = "0.5.1"
source = { registry = "https://pypi.org/simple" }
sdist = { url = "https://files.pythonhosted.org/packages/e1/7e/691d061b7329bc8d54edbf0ec22fbfb2afe61facb681f9aaa9bff7a27d04/inflection-0.5.1.tar.gz", hash = "sha256:1a29730d366e996aaacffb2f1f1cb9593dc38e2ddd30c91250c6dde09ea9b417", size = 15091, upload-time = "2020-08-22T08:16:29.139Z" }
wheels = [
    { url = "https://files.pythonhosted.org/packages/59/91/aa6bde563e0085a02a435aa99b49ef75b0a4b062635e606dab23ce18d720/inflection-0.5.1-py2.py3-none-any.whl", hash = "sha256:f38b2b640938a4f35ade69ac3d053042959b62a0f1076a5bbaa1b9526605a8a2", size = 9454, upload-time = "2020-08-22T08:16:27.816Z" },
]

[[package]]
name = "joserfc"
version = "1.7.5"
source = { registry = "https://pypi.org/simple" }
dependencies = [
    { name = "cryptography" },
]
sdist = { url = "https://files.pythonhosted.org/packages/19/94/80fea1514b7c6d7d37804d3fe9ca81455f633347fc98731bd71ffe1faa17/joserfc-1.7.5.tar.gz", hash = "sha256:d5ff536e658e17664f8c1b1ab60dc4aa62aa973fcef1edd33cc44bda45d6f5ea", size = 234990, upload-time = "2026-08-29T13:05:42.057Z" }
wheels = [
    { url = "https://files.pythonhosted.org/packages/67/c5/82addfd375e5ee6520644e0553e4aadde92d668c4fc99cc716d337fe7bb3/joserfc-1.7.5-py3-none-any.whl", hash = "sha256:add2c2c84e8373b084d526a8b53daba5d7a513a118cd2dcd9fc9f979d0922159", size = 71269, upload-time = "2026-08-29T13:05:40.718Z" },
]

[[package]]
name = "packaging"
version = "23.2"
source = { registry = "https://pypi.org/simple" }
sdist = { url = "https://files.pythonhosted.org/packages/fb/2b/9b9c33ffed44ee921d0967086d653047286054117d584f1b1a7c22ceaf7b/packaging-23.2.tar.gz", hash = "sha256:048fb0e9405036518eaaf48a55953c750c11e1a1b68e0dd1a9d62ed0c092cfc5", size = 146714, upload-time = "2023-10-01T13:50:05.279Z" }
wheels = [
    { url = "https://files.pythonhosted.org/packages/ec/1a/610693ac4ee14fcdf2d9bf3c493370e4f2ef7ae2e19217d7a237ff42367d/packaging-23.2-py3-none-any.whl", hash = "sha256:8c491190033a9af7e1d931d0b5dacc2ef47509b34dd0de67ed209b5203fc88c7", size = 53011, upload-time = "2023-10-01T13:50:03.745Z" },
]

[[package]]
name = "pycparser"
version = "3.1"
source = { registry = "https://pypi.org/simple" }
sdist = { url = "https://files.pythonhosted.org/packages/ac/d3/eb1d3bc30dda12f7e69640ae2ac8cb10240b71fb73024ad528b7d2ae73da/pycparser-3.1.tar.gz", hash = "sha256:b3fc6dec06a8b2fefa0ed4ff92285306a5e3be9987bc5603c9edbdc4e492418f", size = 105946, upload-time = "2026-10-08T12:26:34.349Z" }
wheels = [
    { url = "https://files.pythonhosted.org/packages/99/ce/b3ae9ee0324d991c860187be2a6ee436d27a3d02397eaddbb101ec901f3d/pycparser-3.1-py3-none-any.whl", hash = "sha256:f09d358c840bd147b79e55f2bc494f18ea869dc897f5852a8f5766b74f787882", size = 48709, upload-time = "2026-10-08T12:26:32.97Z" },
]

[[package]]
name = "pycryptodomex"
version = "3.24.0"
source = { registry = "https://pypi.org/simple" }
sdist = { url = "https://files.pythonhosted.org/packages/4c/25/214ea825a9031f5af2c8b2506ee16701a2560d4712165dd00098dd527bcb/pycryptodomex-3.24.0.tar.gz", hash = "sha256:0428f19f13452c6b89bbaf2c530f84f369873811dfa77f0cee0da4f40fb0474f", size = 4933136, upload-time = "2026-10-04T17:41:08.988Z" }
wheels = [
    { url = "https://files.pythonhosted.org/packages/bc/fd/b9186cea5e823f91f40904373cff30cdaea5dfe1863b4be0ed3bf51e4db6/pycryptodomex-3.24.0-cp37-abi3-macosx_10_9_universal2.whl", hash = "sha256:ef2bd306328a8447d4d2af6037efddd67ef16630876ed3ec84babd16ca558941", size = 2476748, upload-time = "2026-10-04T17:40:17.326Z" },
    { url = "https://files.pythonhosted.org/packages/65/c4/bf354a7c435da08ba9905a302dce8fac57a33b2ab1e51c78542b698b4b89/pycryptodomex-3.24.0-cp37-abi3-macosx_10_9_x86_64.whl", hash = "sha256:42c8221e3a4ca04b070cb388fca004815f6544951bfb2cc6c7958e293b7caf64", size = 1644339, upload-time = "2026-10-04T17:40:19.872Z" },
    { url = "https://files.pythonhosted.org/packages/7b/ea/158d0ea838c92ba5d5081ce0f08e4af40d7278f7609ca007fca4d010aa4d/pycryptodomex-3.24.0-cp37-abi3-manylinux2014_aarch64.manylinux_2_17_aarch64.whl", hash = "sha256:da9996407d03684221a4e1603b70fad97d8772185e5f75addcd97fcbc4c3281f", size = 2193232, upload-time = "2026-10-04T17:40:22.957Z" },
    { url = "https://files.pythonhosted.org/packages/c8/9f/376b705a536c65fe41806babe5cdcfb076273a0d72dfbbb92073d3d9b10c/pycryptodomex-3.24.0-cp37-abi3-manylinux2014_x86_64.manylinux_2_17_x86_64.whl", hash = "sha256:556e063b52f338bd924fe5c40692cc1f50cb0453bd1d6580b7ffff2eade1a894", size = 2279395, upload-time = "2026-10-04T17:40:25.777Z" },
    { url = "https://files.pythonhosted.org/packages/d4/72/a0726c7165ba84d66923c3e5d5411c5abec9a9a4c1759a664e5cf8806a79/pycryptodomex-3.24.0-cp37-abi3-musllinux_1_2_aarch64.whl", hash = "sha256:b6690bfae043c81108e28e31dc7e3afa8cb1b1eb0ba590fdbff2b66e4c6913e7", size = 2184779, upload-time = "2026-10-04T17:40:28.813Z" },
    { url = "https://files.pythonhosted.org/packages/39/51/c5b9d8fc84d5cf67091a007b476e24f634252fb314472e27a58f3bd97458/pycryptodomex-3.24.0-cp37-abi3-musllinux_1_2_x86_64.whl", hash = "sha256:5fa46af1281be707e0ec5878aea0f77d58d8d4b465f63f7385a71ae0080bfff9", size = 2276914, upload-time = "2026-10-04T17:40:31.23Z" },
    { url = "https://files.pythonhosted.org/packages/c4/28/26f6d1b4257911bdab1c66c2a80e1193131bd8c02fa9ac04453cd45233c1/pycryptodomex-3.24.0-cp37-abi3-win32.whl", hash = "sha256:fab40542a863cc142a763aa92630d613925fe3e937bea3ba5fb735e0c42d4f96", size = 1792631, upload-time = "2026-10-04T17:40:33.61Z" },
    { url = "https://files.pythonhosted.org/packages/4d/91/fa406bbeea093b53d314dfb0fd186658a69a398b73a3a609636b8402b5c3/pycryptodomex-3.24.0-cp37-abi3-win_amd64.whl", hash = "sha256:55f22d72250d7923aac3c2442ec6a1dd8774d2efa3bdcb0f68d5e137d372268e", size = 1825514, upload-time = "2026-10-04T17:40:36.059Z" },
    { url = "https://files.pythonhosted.org/packages/10/b0/c53c7ac97c5deb721aa4f940309802c71ff5ac2fdeac473ce96754c69e5b/pycryptodomex-3.24.0-cp37-abi3-win_arm64.whl", hash = "sha256:908f92fbc307b642b65580d0295698f423b057018d87ae43d441f1d1a00674a2", size = 1759397, upload-time = "2026-10-04T17:40:38.641Z" },
    { url = "https://files.pythonhosted.org/packages/34/89/25d4a6bc34232fbad527cb12087fb815dcdc73ca52c9be2400e8e15bd901/pycryptodomex-3.24.0-pp310-pypy310_pp73-macosx_10_15_x86_64.whl", hash = "sha256:dc685ab0b420597fe9a3187555c14d5b4d87c1518a99646397018457dc2a70c8", size = 1626108, upload-time = "2026-10-04T17:40:46.494Z" },
    { url = "https://files.pythonhosted.org/packages/8c/eb/3e30afe2d901f051b4707df49a683cfc59e30e67f305f1a04229753fc1e7/pycryptodomex-3.24.0-pp310-pypy310_pp73-manylinux2014_aarch64.manylinux_2_17_aarch64.whl", hash = "sha256:8a2a634c86c0a59b28b0d51bbf7e5d1feed00dc7ebdc789fe968f771f1430b47", size = 1681589, upload-time = "2026-10-04T17:40:48.924Z" },
    { url = "https://files.pythonhosted.org/packages/b7/a0/b90e48939986cd82d21373bd7a7a117fdfd42976cd9c3cc94ee07635d0d4/pycryptodomex-3.24.0-pp310-pypy310_pp73-manylinux2014_x86_64.manylinux_2_17_x86_64.whl", hash = "sha256:72742921e388856044163e711643244b6d5c7062846dc0676b1f9f0743846ab3", size = 1673861, upload-time = "2026-10-04T17:40:51.893Z" },
    { url = "https://files.pythonhosted.org/packages/3e/6c/e2daeff0dd546d3e3dae989e4c4bb06676bfc88793b25da700f73196f3b9/pycryptodomex-3.24.0-pp310-pypy310_pp73-win_amd64.whl", hash = "sha256:793b9f5ba7e9147a6a6d8e284854e3711e12f43d4ef57a26b3415b2455a9801a", size = 1828453, upload-time = "2026-10-04T17:40:54.527Z" },
    { url = "https://files.pythonhosted.org/packages/e0/71/045345b36bb911e33f02df3daef291d31c5ef2f8d5908cf31b5c45160e67/pycryptodomex-3.24.0-pp311-pypy311_pp73-macosx_10_15_x86_64.whl", hash = "sha256:408fb76e0af11937381532c992d9f7c0dcf987878cbe61d772b0e788343e81c5", size = 1622317, upload-time = "2026-10-04T17:40:57.608Z" },
    { url = "https://files.pythonhosted.org/packages/10/e2/cbb455c4bb3ce12bd6ae3b0922063cf660deef9fd035e13c6ca06aa8d9dc/pycryptodomex-3.24.0-pp311-pypy311_pp73-manylinux2014_aarch64.manylinux_2_17_aarch64.whl", hash = "sha256:b4f7f9c737ca1af9a79962d3289eaa6521869915ee9fbb9168e578277126691b", size = 1681589, upload-time = "2026-10-04T17:40:59.835Z" },
    { url = "https://files.pythonhosted.org/packages/ca/c1/5d263c7a9c932eef1a90e82e5082e9ab42cc98403cbd315ab1ae130879ef/pycryptodomex-3.24.0-pp311-pypy311_pp73-manylinux2014_x86_64.manylinux_2_17_x86_64.whl", hash = "sha256:96b60c0f36ab7c11a826c116633b08afeac58b9b9c066a5ad7cd373ed996363c", size = 1673862, upload-time = "2026-10-04T17:41:02.698Z" },
    { url = "https://files.pythonhosted.org/packages/db/43/6450dd0a705c4dc7915d60bb5e5e06c380c4707a843119aeccf4098ce848/pycryptodomex-3.24.0-pp311-pypy311_pp73-win_amd64.whl", hash = "sha256:ff8c1a125b2a7a2933219e9e523aabca31c920839c3c10968b56ec9a76c81d1e", size = 1828455, upload-time = "2026-10-04T17:41:05.165Z" },
]

[[package]]
name = "pydantic"
version = "1.9.2"
source = { registry = "https://pypi.org/simple" }
dependencies = [
    { name = "typing-extensions" },
]
sdist = { url = "https://files.pythonhosted.org/packages/fd/8f/3f7e88b507dbdfec8f1f914294aa8831edffb03d668799c65b4b46331c8a/pydantic-1.9.2.tar.gz", hash = "sha256:8cb0bc509bfb71305d7a59d00163d5f9fc4530f0881ea32c74ff4f74c85f3d3d", size = 307957, upload-time = "2022-08-11T13:27:52.189Z" }
wheels = [
    { url = "https://files.pythonhosted.org/packages/36/23/e7609029b3a71c95613e132e8abcfae2bff2da0aa6d894bad2f0048a3895/pydantic-1.9.2-cp310-cp310-macosx_10_9_x86_64.whl", hash = "sha256:9c9e04a6cdb7a363d7cb3ccf0efea51e0abb48e180c0d31dca8d247967d85c6e", size = 2919556, upload-time = "2022-08-11T13:26:04.575Z" },
    { url = "https://files.pythonhosted.org/packages/60/ed/40e339ee852bf1e261b24f1917e6ad6814d488ee23bff91f9e275bfe58e5/pydantic-1.9.2-cp310-cp310-macosx_11_0_arm64.whl", hash = "sha256:fafe841be1103f340a24977f61dee76172e4ae5f647ab9e7fd1e1fca51524f08", size = 2428848, upload-time = "2022-08-11T13:26:07.656Z" },
    { url = "https://files.pythonhosted.org/packages/85/15/fc8232045224fbc566c2e5f618f17519eb2ae8f15e9e63d6f3363ece7421/pydantic-1.9.2-cp310-cp310-manylinux_2_17_x86_64.manylinux2014_x86_64.whl", hash = "sha256:afacf6d2a41ed91fc631bade88b1d319c51ab5418870802cedb590b709c5ae3c", size = 12008336, upload-time = "2022-08-11T13:26:10.461Z" },
    { url = "https://files.pythonhosted.org/packages/a1/ef/b9cc1565084701825f4b21ef87bc965025cf5b80b2cb647e668accab1602/pydantic-1.9.2-cp310-cp310-manylinux_2_5_i686.manylinux1_i686.manylinux_2_17_i686.manylinux2014_i686.whl", hash = "sha256:3ee0d69b2a5b341fc7927e92cae7ddcfd95e624dfc4870b32a85568bd65e6131", size = 11448444, upload-time = "2022-08-11T13:26:13.909Z" },
    { url = "https://files.pythonhosted.org/packages/ca/e3/4083d8f5d6691d677be9a99d53a66da3cbecc91cafc6c48d08c75490b3ba/pydantic-1.9.2-cp310-cp310-musllinux_1_1_i686.whl", hash = "sha256:ff68fc85355532ea77559ede81f35fff79a6a5543477e168ab3a381887caea76", size = 11606533, upload-time = "2022-08-11T13:26:16.917Z" },
    { url = "https://files.pythonhosted.org/packages/f7/ea/05d5fa5ab16536524258c73e932e2c417e47fffa33a939bf7c12e956b961/pydantic-1.9.2-cp310-cp310-musllinux_1_1_x86_64.whl", hash = "sha256:c0f5e142ef8217019e3eef6ae1b6b55f09a7a15972958d44fbd228214cede567", size = 12154936, upload-time = "2022-08-11T13:26:20.368Z" },
    { url = "https://files.pythonhosted.org/packages/e6/b7/e50089199de9952f7156b8931c2bcd3db6654845d6c453046e9073a5f56d/pydantic-1.9.2-cp310-cp310-win_amd64.whl", hash = "sha256:615661bfc37e82ac677543704437ff737418e4ea04bef9cf11c6d27346606044", size = 1964262, upload-time = "2022-08-11T13:26:23.488Z" },
    { url = "https://files.pythonhosted.org/packages/fe/27/0de772dcd0517770b265dbc3998ed3ee3aa2ba25ba67e3685116cbbbccc6/pydantic-1.9.2-py3-none-any.whl", hash = "sha256:78a4d6bdfd116a559aeec9a4cfe77dda62acc6233f8b56a716edad2651023e5e", size = 143326, upload-time = "2022-08-11T13:27:50.003Z" },
]

[[package]]
name = "pydid"
version = "0.3.11"
source = { registry = "https://pypi.org/simple" }
dependencies = [
    { name = "inflection" },
    { name = "pydantic" },
    { name = "typing-extensions" },
]
sdist = { url = "https://files.pythonhosted.org/packages/67/3d/f53d182e94773b1a7f8db31fb2e1647dbba57b8290718ad492f5554713ae/pydid-0.3.11.tar.gz", hash = "sha256:f14063700648b16e418b44eb4782cf45c9ce86c82e9dc2bfb72e680967c52f6b", size = 15972, upload-time = "2023-10-29T01:17:42.242Z" }
wheels = [
    { url = "https://files.pythonhosted.org/packages/1e/cf/43885716357a56a2aec05dfc171f4c9e6b09d48953bd04b69c4f0f8f4bff/pydid-0.3.11-py3-none-any.whl", hash = "sha256:ce102d47bf8d0748ad2d754a5f9f8574f59d0b32c26ee015a85f058f9d9e101a", size = 20025, upload-time = "2023-10-29T01:17:40.684Z" },
]

[[package]]
name = "typing-extensions"
version = "4.0.1"
source = { registry = "https://pypi.org/simple" }
sdist = { url = "https://files.pythonhosted.org/packages/0d/4a/60ba3706797b878016f16edc5fbaf1e222109e38d0fa4d7d9312cb53f8dd/typing_extensions-4.0.1.tar.gz", hash = "sha256:4ca091dea149f945ec56afb48dae714f21e8692ef22a395223bcd328961b6a0e", size = 22706, upload-time = "2021-12-01T01:45:39.576Z" }
wheels = [
    { url = "https://files.pythonhosted.org/packages/05/e4/baf0031e39cf545f0c9edd5b1a2ea12609b7fcba2d58e118b11753d68cf0/typing_extensions-4.0.1-py3-none-any.whl", hash = "sha256:7f001e5ac290a0c0401508864c7ec868be4e701886d5b573a9528ed3973d9d3b", size = 22816, upload-time = "2021-12-01T01:45:37.772Z" },
]

[[package]]
name = "varint"
version = "1.0.2"
source = { registry = "https://pypi.org/simple" }
sdist = { url = "https://files.pythonhosted.org/packages/a8/fe/1ea0ba0896dfa47186692655b86db3214c4b7c9e0e76c7b1dc257d101ab1/varint-1.0.2.tar.gz", hash = "sha256:a6ecc02377ac5ee9d65a6a8ad45c9ff1dac8ccee19400a5950fb51d594214ca5", size = 1886, upload-time = "2016-02-24T20:42:38.5Z" }
